
Microsoft Visual Studio Solution File, Format Version 12.00
# Visual Studio 14
VisualStudioVersion = 14.0.25123.0
MinimumVisualStudioVersion = 10.0.40219.1
Project("{FAE04EC0-301F-11D3-BF4B-00C04F79EFBC}") = "Tests", "Tests\Tests.csproj", "{70B06CCF-9149-403C-9D57-583194E6CCCB}"
EndProject
Project("{FAE04EC0-301F-11D3-BF4B-00C04F79EFBC}") = "Code", "Code\Code.csproj", "{C64278EB-CF70-4365-8BC0-6BD3C6DF1E21}"
EndProject
Global
	GlobalSection(SolutionConfigurationPlatforms) = preSolution
		Debug|Any CPU = Debug|Any CPU
		Release|Any CPU = Release|Any CPU
	EndGlobalSection
	GlobalSection(ProjectConfigurationPlatforms) = postSolution
		{70B06CCF-9149-403C-9D57-583194E6CCCB}.Debug|Any CPU.ActiveCfg = Debug|Any CPU
		{70B06CCF-9149-403C-9D57-583194E6CCCB}.Debug|Any CPU.Build.0 = Debug|Any CPU
		{70B06CCF-9149-403C-9D57-583194E6CCCB}.Release|Any CPU.ActiveCfg = Release|Any CPU
		{70B06CCF-9149-403C-9D57-583194E6CCCB}.Release|Any CPU.Build.0 = Release|Any CPU
		{C64278EB-CF70-4365-8BC0-6BD3C6DF1E21}.Debug|Any CPU.ActiveCfg = Debug|Any CPU
		{C64278EB-CF70-4365-8BC0-6BD3C6DF1E21}.Debug|Any CPU.Build.0 = Debug|Any CPU
		{C64278EB-CF70-4365-8BC0-6BD3C6DF1E21}.Release|Any CPU.ActiveCfg = Release|Any CPU
		{C64278EB-CF70-4365-8BC0-6BD3C6DF1E21}.Release|Any CPU.Build.0 = Release|Any CPU
	EndGlobalSection
	GlobalSection(SolutionProperties) = preSolution
		HideSolutionNode = FALSE
	EndGlobalSection
EndGlobal
